
Microsoft Visual Studio Solution File, Format Version 12.00
# Visual Studio Version 17
VisualStudioVersion = 17.8.34330.188
MinimumVisualStudioVersion = 10.0.40219.1
Project("{FAE04EC0-301F-11D3-BF4B-00C04F79EFBC}") = "apiAngularCrud", "apiAngularCrud\apiAngularCrud.csproj", "{AA288669-9676-4E9D-BA40-FD031695F083}"
EndProject
Global
	GlobalSection(SolutionConfigurationPlatforms) = preSolution
		Debug|Any CPU = Debug|Any CPU
		Release|Any CPU = Release|Any CPU
	EndGlobalSection
	GlobalSection(ProjectConfigurationPlatforms) = postSolution
		{AA288669-9676-4E9D-BA40-FD031695F083}.Debug|Any CPU.ActiveCfg = Debug|Any CPU
		{AA288669-9676-4E9D-BA40-FD031695F083}.Debug|Any CPU.Build.0 = Debug|Any CPU
		{AA288669-9676-4E9D-BA40-FD031695F083}.Release|Any CPU.ActiveCfg = Release|Any CPU
		{AA288669-9676-4E9D-BA40-FD031695F083}.Release|Any CPU.Build.0 = Release|Any CPU
	EndGlobalSection
	GlobalSection(SolutionProperties) = preSolution
		HideSolutionNode = FALSE
	EndGlobalSection
	GlobalSection(ExtensibilityGlobals) = postSolution
		SolutionGuid = {98F980AA-2A19-4E17-B5F3-80C08C38BC8A}
	EndGlobalSection
EndGlobal
